
Microsoft Visual Studio Solution File, Format Version 12.00
# Visual Studio Version 17
VisualStudioVersion = 17.6.33815.320
MinimumVisualStudioVersion = 10.0.40219.1
Project("{9A19103F-16F7-4668-BE54-9A1E7A4F7556}") = "AgendamentoHoteis", "AgendamentoHoteis\AgendamentoHoteis.csproj", "{98176E80-2302-4382-A6D3-47BE67FAB901}"
EndProject
Project("{9A19103F-16F7-4668-BE54-9A1E7A4F7556}") = "AgendamentoHoteis.Data", "AgendamentoHoteis.Data\AgendamentoHoteis.Data.csproj", "{F5B72E07-A413-4B0F-94DC-36239E2D2876}"
EndProject
Project("{9A19103F-16F7-4668-BE54-9A1E7A4F7556}") = "AgendamentoHoteis.Business", "AgendamentoHoteis.Business\AgendamentoHoteis.Business.csproj", "{56EE36CC-B49A-44B8-80FA-1DFCF41A630F}"
EndProject
Global
	GlobalSection(SolutionConfigurationPlatforms) = preSolution
		Debug|Any CPU = Debug|Any CPU
		Release|Any CPU = Release|Any CPU
	EndGlobalSection
	GlobalSection(ProjectConfigurationPlatforms) = postSolution
		{98176E80-2302-4382-A6D3-47BE67FAB901}.Debug|Any CPU.ActiveCfg = Debug|Any CPU
		{98176E80-2302-4382-A6D3-47BE67FAB901}.Debug|Any CPU.Build.0 = Debug|Any CPU
		{98176E80-2302-4382-A6D3-47BE67FAB901}.Release|Any CPU.ActiveCfg = Release|Any CPU
		{98176E80-2302-4382-A6D3-47BE67FAB901}.Release|Any CPU.Build.0 = Release|Any CPU
		{F5B72E07-A413-4B0F-94DC-36239E2D2876}.Debug|Any CPU.ActiveCfg = Debug|Any CPU
		{F5B72E07-A413-4B0F-94DC-36239E2D2876}.Debug|Any CPU.Build.0 = Debug|Any CPU
		{F5B72E07-A413-4B0F-94DC-36239E2D2876}.Release|Any CPU.ActiveCfg = Release|Any CPU
		{F5B72E07-A413-4B0F-94DC-36239E2D2876}.Release|Any CPU.Build.0 = Release|Any CPU
		{56EE36CC-B49A-44B8-80FA-1DFCF41A630F}.Debug|Any CPU.ActiveCfg = Debug|Any CPU
		{56EE36CC-B49A-44B8-80FA-1DFCF41A630F}.Debug|Any CPU.Build.0 = Debug|Any CPU
		{56EE36CC-B49A-44B8-80FA-1DFCF41A630F}.Release|Any CPU.ActiveCfg = Release|Any CPU
		{56EE36CC-B49A-44B8-80FA-1DFCF41A630F}.Release|Any CPU.Build.0 = Release|Any CPU
	EndGlobalSection
	GlobalSection(SolutionProperties) = preSolution
		HideSolutionNode = FALSE
	EndGlobalSection
	GlobalSection(ExtensibilityGlobals) = postSolution
		SolutionGuid = {C29AF243-A938-4498-82CF-50631FEAC412}
	EndGlobalSection
EndGlobal
